// !$*UTF8*$!
{
	archiveVersion = 1;
	classes = {
	};
	objectVersion = 46;
	objects = {

/* Begin PBXBuildFile section */
		3F99AA521DD2B2FE006BAC52 /* AppDelegate.swift in Sources */ = {isa = PBXBuildFile; fileRef = 3F99AA511DD2B2FE006BAC52 /* AppDelegate.swift */; };
		3F99AA541DD2B2FE006BAC52 /* ViewController.swift in Sources */ = {isa = PBXBuildFile; fileRef = 3F99AA531DD2B2FE006BAC52 /* ViewController.swift */; };
		3F99AA571DD2B2FE006BAC52 /* Main.storyboard in Resources */ = {isa = PBXBuildFile; fileRef = 3F99AA551DD2B2FE006BAC52 /* Main.storyboard */; };
		3F99AA591DD2B2FE006BAC52 /* Assets.xcassets in Resources */ = {isa = PBXBuildFile; fileRef = 3F99AA581DD2B2FE006BAC52 /* Assets.xcassets */; };
		3F99AA5C1DD2B2FE006BAC52 /* LaunchScreen.storyboard in Resources */ = {isa = PBXBuildFile; fileRef = 3F99AA5A1DD2B2FE006BAC52 /* LaunchScreen.storyboard */; };
		3F99AA671DD2B2FE006BAC52 /* CoCDiceTests.swift in Sources */ = {isa = PBXBuildFile; fileRef = 3F99AA661DD2B2FE006BAC52 /* CoCDiceTests.swift */; };
		3F99AA721DD2B2FE006BAC52 /* CoCDiceUITests.swift in Sources */ = {isa = PBXBuildFile; fileRef = 3F99AA711DD2B2FE006BAC52 /* CoCDiceUITests.swift */; };
		3F99AA801DD2B614006BAC52 /* UserData.storyboard in Resources */ = {isa = PBXBuildFile; fileRef = 3F99AA7F1DD2B614006BAC52 /* UserData.storyboard */; };
		3F99AA881DD2B78F006BAC52 /* DiceListTableViewController.swift in Sources */ = {isa = PBXBuildFile; fileRef = 3F99AA871DD2B78F006BAC52 /* DiceListTableViewController.swift */; };
		3F99AA8D1DD2B7C0006BAC52 /* DiceListTableViewCell.swift in Sources */ = {isa = PBXBuildFile; fileRef = 3F99AA8B1DD2B7C0006BAC52 /* DiceListTableViewCell.swift */; };
		3F99AA8E1DD2B7C0006BAC52 /* DiceListTableViewCell.xib in Resources */ = {isa = PBXBuildFile; fileRef = 3F99AA8C1DD2B7C0006BAC52 /* DiceListTableViewCell.xib */; };
		3F99AA901DD2B7E8006BAC52 /* DiceAddViewController.swift in Sources */ = {isa = PBXBuildFile; fileRef = 3F99AA8F1DD2B7E8006BAC52 /* DiceAddViewController.swift */; };
/* End PBXBuildFile section */

/* Begin PBXContainerItemProxy section */
		3F99AA631DD2B2FE006BAC52 /* PBXContainerItemProxy */ = {
			isa = PBXContainerItemProxy;
			containerPortal = 3F99AA461DD2B2FE006BAC52 /* Project object */;
			proxyType = 1;
			remoteGlobalIDString = 3F99AA4D1DD2B2FE006BAC52;
			remoteInfo = CoCDice;
		};
		3F99AA6E1DD2B2FE006BAC52 /* PBXContainerItemProxy */ = {
			isa = PBXContainerItemProxy;
			containerPortal = 3F99AA461DD2B2FE006BAC52 /* Project object */;
			proxyType = 1;
			remoteGlobalIDString = 3F99AA4D1DD2B2FE006BAC52;
			remoteInfo = CoCDice;
		};
/* End PBXContainerItemProxy section */

/* Begin PBXFileReference section */
		3F99AA4E1DD2B2FE006BAC52 /* CoCDice.app */ = {isa = PBXFileReference; explicitFileType = wrapper.application; includeInIndex = 0; path = CoCDice.app; sourceTree = BUILT_PRODUCTS_DIR; };
		3F99AA511DD2B2FE006BAC52 /* AppDelegate.swift */ = {isa = PBXFileReference; lastKnownFileType = sourcecode.swift; path = AppDelegate.swift; sourceTree = "<group>"; };
		3F99AA531DD2B2FE006BAC52 /* ViewController.swift */ = {isa = PBXFileReference; lastKnownFileType = sourcecode.swift; path = ViewController.swift; sourceTree = "<group>"; };
		3F99AA561DD2B2FE006BAC52 /* Base */ = {isa = PBXFileReference; lastKnownFileType = file.storyboard; name = Base; path = Base.lproj/Main.storyboard; sourceTree = "<group>"; };
		3F99AA581DD2B2FE006BAC52 /* Assets.xcassets */ = {isa = PBXFileReference; lastKnownFileType = folder.assetcatalog; path = Assets.xcassets; sourceTree = "<group>"; };
		3F99AA5B1DD2B2FE006BAC52 /* Base */ = {isa = PBXFileReference; lastKnownFileType = file.storyboard; name = Base; path = Base.lproj/LaunchScreen.storyboard; sourceTree = "<group>"; };
		3F99AA5D1DD2B2FE006BAC52 /* Info.plist */ = {isa = PBXFileReference; lastKnownFileType = text.plist.xml; path = Info.plist; sourceTree = "<group>"; };
		3F99AA621DD2B2FE006BAC52 /* CoCDiceTests.xctest */ = {isa = PBXFileReference; explicitFileType = wrapper.cfbundle; includeInIndex = 0; path = CoCDiceTests.xctest; sourceTree = BUILT_PRODUCTS_DIR; };
		3F99AA661DD2B2FE006BAC52 /* CoCDiceTests.swift */ = {isa = PBXFileReference; lastKnownFileType = sourcecode.swift; path = CoCDiceTests.swift; sourceTree = "<group>"; };
		3F99AA681DD2B2FE006BAC52 /* Info.plist */ = {isa = PBXFileReference; lastKnownFileType = text.plist.xml; path = Info.plist; sourceTree = "<group>"; };
		3F99AA6D1DD2B2FE006BAC52 /* CoCDiceUITests.xctest */ = {isa = PBXFileReference; explicitFileType = wrapper.cfbundle; includeInIndex = 0; path = CoCDiceUITests.xctest; sourceTree = BUILT_PRODUCTS_DIR; };
		3F99AA711DD2B2FE006BAC52 /* CoCDiceUITests.swift */ = {isa = PBXFileReference; lastKnownFileType = sourcecode.swift; path = CoCDiceUITests.swift; sourceTree = "<group>"; };
		3F99AA731DD2B2FE006BAC52 /* Info.plist */ = {isa = PBXFileReference; lastKnownFileType = text.plist.xml; path = Info.plist; sourceTree = "<group>"; };
		3F99AA7F1DD2B614006BAC52 /* UserData.storyboard */ = {isa = PBXFileReference; fileEncoding = 4; lastKnownFileType = file.storyboard; path = UserData.storyboard; sourceTree = "<group>"; };
		3F99AA871DD2B78F006BAC52 /* DiceListTableViewController.swift */ = {isa = PBXFileReference; fileEncoding = 4; lastKnownFileType = sourcecode.swift; path = DiceListTableViewController.swift; sourceTree = "<group>"; };
		3F99AA8B1DD2B7C0006BAC52 /* DiceListTableViewCell.swift */ = {isa = PBXFileReference; fileEncoding = 4; lastKnownFileType = sourcecode.swift; name = DiceListTableViewCell.swift; path = ../DiceListTableViewCell.swift; sourceTree = "<group>"; };
		3F99AA8C1DD2B7C0006BAC52 /* DiceListTableViewCell.xib */ = {isa = PBXFileReference; fileEncoding = 4; lastKnownFileType = file.xib; name = DiceListTableViewCell.xib; path = ../DiceListTableViewCell.xib; sourceTree = "<group>"; };
		3F99AA8F1DD2B7E8006BAC52 /* DiceAddViewController.swift */ = {isa = PBXFileReference; fileEncoding = 4; lastKnownFileType = sourcecode.swift; path = DiceAddViewController.swift; sourceTree = "<group>"; };
/* End PBXFileReference section */

/* Begin PBXFrameworksBuildPhase section */
		3F99AA4B1DD2B2FE006BAC52 /* Frameworks */ = {
			isa = PBXFrameworksBuildPhase;
			buildActionMask = 2147483647;
			files = (
			);
			runOnlyForDeploymentPostprocessing = 0;
		};
		3F99AA5F1DD2B2FE006BAC52 /* Frameworks */ = {
			isa = PBXFrameworksBuildPhase;
			buildActionMask = 2147483647;
			files = (
			);
			runOnlyForDeploymentPostprocessing = 0;
		};
		3F99AA6A1DD2B2FE006BAC52 /* Frameworks */ = {
			isa = PBXFrameworksBuildPhase;
			buildActionMask = 2147483647;
			files = (
			);
			runOnlyForDeploymentPostprocessing = 0;
		};
/* End PBXFrameworksBuildPhase section */

/* Begin PBXGroup section */
		3F99AA451DD2B2FE006BAC52 = {
			isa = PBXGroup;
			children = (
				3F99AA501DD2B2FE006BAC52 /* CoCDice */,
				3F99AA651DD2B2FE006BAC52 /* CoCDiceTests */,
				3F99AA701DD2B2FE006BAC52 /* CoCDiceUITests */,
				3F99AA4F1DD2B2FE006BAC52 /* Products */,
			);
			sourceTree = "<group>";
		};
		3F99AA4F1DD2B2FE006BAC52 /* Products */ = {
			isa = PBXGroup;
			children = (
				3F99AA4E1DD2B2FE006BAC52 /* CoCDice.app */,
				3F99AA621DD2B2FE006BAC52 /* CoCDiceTests.xctest */,
				3F99AA6D1DD2B2FE006BAC52 /* CoCDiceUITests.xctest */,
			);
			name = Products;
			sourceTree = "<group>";
		};
		3F99AA501DD2B2FE006BAC52 /* CoCDice */ = {
			isa = PBXGroup;
			children = (
				3F99AA921DD2B805006BAC52 /* UserData */,
				3F99AA911DD2B7F0006BAC52 /* Dice */,
				3F99AA511DD2B2FE006BAC52 /* AppDelegate.swift */,
				3F99AA581DD2B2FE006BAC52 /* Assets.xcassets */,
				3F99AA5A1DD2B2FE006BAC52 /* LaunchScreen.storyboard */,
				3F99AA5D1DD2B2FE006BAC52 /* Info.plist */,
			);
			path = CoCDice;
			sourceTree = "<group>";
		};
		3F99AA651DD2B2FE006BAC52 /* CoCDiceTests */ = {
			isa = PBXGroup;
			children = (
				3F99AA661DD2B2FE006BAC52 /* CoCDiceTests.swift */,
				3F99AA681DD2B2FE006BAC52 /* Info.plist */,
			);
			path = CoCDiceTests;
			sourceTree = "<group>";
		};
		3F99AA701DD2B2FE006BAC52 /* CoCDiceUITests */ = {
			isa = PBXGroup;
			children = (
				3F99AA711DD2B2FE006BAC52 /* CoCDiceUITests.swift */,
				3F99AA731DD2B2FE006BAC52 /* Info.plist */,
			);
			path = CoCDiceUITests;
			sourceTree = "<group>";
		};
		3F99AA911DD2B7F0006BAC52 /* Dice */ = {
			isa = PBXGroup;
			children = (
				3F99AA531DD2B2FE006BAC52 /* ViewController.swift */,
				3F99AA871DD2B78F006BAC52 /* DiceListTableViewController.swift */,
				3F99AA8F1DD2B7E8006BAC52 /* DiceAddViewController.swift */,
				3F99AA8B1DD2B7C0006BAC52 /* DiceListTableViewCell.swift */,
				3F99AA8C1DD2B7C0006BAC52 /* DiceListTableViewCell.xib */,
				3F99AA551DD2B2FE006BAC52 /* Main.storyboard */,
			);
			name = Dice;
			sourceTree = "<group>";
		};
		3F99AA921DD2B805006BAC52 /* UserData */ = {
			isa = PBXGroup;
			children = (
				3F99AA7F1DD2B614006BAC52 /* UserData.storyboard */,
			);
			name = UserData;
			sourceTree = "<group>";
		};
/* End PBXGroup section */

/* Begin PBXNativeTarget section */
		3F99AA4D1DD2B2FE006BAC52 /* CoCDice */ = {
			isa = PBXNativeTarget;
			buildConfigurationList = 3F99AA761DD2B2FE006BAC52 /* Build configuration list for PBXNativeTarget "CoCDice" */;
			buildPhases = (
				3F99AA4A1DD2B2FE006BAC52 /* Sources */,
				3F99AA4B1DD2B2FE006BAC52 /* Frameworks */,
				3F99AA4C1DD2B2FE006BAC52 /* Resources */,
			);
			buildRules = (
			);
			dependencies = (
			);
			name = CoCDice;
			productName = CoCDice;
			productReference = 3F99AA4E1DD2B2FE006BAC52 /* CoCDice.app */;
			productType = "com.apple.product-type.application";
		};
		3F99AA611DD2B2FE006BAC52 /* CoCDiceTests */ = {
			isa = PBXNativeTarget;
			buildConfigurationList = 3F99AA791DD2B2FE006BAC52 /* Build configuration list for PBXNativeTarget "CoCDiceTests" */;
			buildPhases = (
				3F99AA5E1DD2B2FE006BAC52 /* Sources */,
				3F99AA5F1DD2B2FE006BAC52 /* Frameworks */,
				3F99AA601DD2B2FE006BAC52 /* Resources */,
			);
			buildRules = (
			);
			dependencies = (
				3F99AA641DD2B2FE006BAC52 /* PBXTargetDependency */,
			);
			name = CoCDiceTests;
			productName = CoCDiceTests;
			productReference = 3F99AA621DD2B2FE006BAC52 /* CoCDiceTests.xctest */;
			productType = "com.apple.product-type.bundle.unit-test";
		};
		3F99AA6C1DD2B2FE006BAC52 /* CoCDiceUITests */ = {
			isa = PBXNativeTarget;
			buildConfigurationList = 3F99AA7C1DD2B2FE006BAC52 /* Build configuration list for PBXNativeTarget "CoCDiceUITests" */;
			buildPhases = (
				3F99AA691DD2B2FE006BAC52 /* Sources */,
				3F99AA6A1DD2B2FE006BAC52 /* Frameworks */,
				3F99AA6B1DD2B2FE006BAC52 /* Resources */,
			);
			buildRules = (
			);
			dependencies = (
				3F99AA6F1DD2B2FE006BAC52 /* PBXTargetDependency */,
			);
			name = CoCDiceUITests;
			productName = CoCDiceUITests;
			productReference = 3F99AA6D1DD2B2FE006BAC52 /* CoCDiceUITests.xctest */;
			productType = "com.apple.product-type.bundle.ui-testing";
		};
/* End PBXNativeTarget section */

/* Begin PBXProject section */
		3F99AA461DD2B2FE006BAC52 /* Project object */ = {
			isa = PBXProject;
			attributes = {
				LastSwiftUpdateCheck = 0800;
				LastUpgradeCheck = 0800;
				ORGANIZATIONNAME = student;
				TargetAttributes = {
					3F99AA4D1DD2B2FE006BAC52 = {
						CreatedOnToolsVersion = 8.0;
						DevelopmentTeam = TZP7P62TJC;
						ProvisioningStyle = Automatic;
					};
					3F99AA611DD2B2FE006BAC52 = {
						CreatedOnToolsVersion = 8.0;
						DevelopmentTeam = TZP7P62TJC;
						ProvisioningStyle = Automatic;
						TestTargetID = 3F99AA4D1DD2B2FE006BAC52;
					};
					3F99AA6C1DD2B2FE006BAC52 = {
						CreatedOnToolsVersion = 8.0;
						DevelopmentTeam = TZP7P62TJC;
						ProvisioningStyle = Automatic;
						TestTargetID = 3F99AA4D1DD2B2FE006BAC52;
					};
				};
			};
			buildConfigurationList = 3F99AA491DD2B2FE006BAC52 /* Build configuration list for PBXProject "CoCDice" */;
			compatibilityVersion = "Xcode 3.2";
			developmentRegion = English;
			hasScannedForEncodings = 0;
			knownRegions = (
				en,
				Base,
			);
			mainGroup = 3F99AA451DD2B2FE006BAC52;
			productRefGroup = 3F99AA4F1DD2B2FE006BAC52 /* Products */;
			projectDirPath = "";
			projectRoot = "";
			targets = (
				3F99AA4D1DD2B2FE006BAC52 /* CoCDice */,
				3F99AA611DD2B2FE006BAC52 /* CoCDiceTests */,
				3F99AA6C1DD2B2FE006BAC52 /* CoCDiceUITests */,
			);
		};
/* End PBXProject section */

/* Begin PBXResourcesBuildPhase section */
		3F99AA4C1DD2B2FE006BAC52 /* Resources */ = {
			isa = PBXResourcesBuildPhase;
			buildActionMask = 2147483647;
			files = (
				3F99AA5C1DD2B2FE006BAC52 /* LaunchScreen.storyboard in Resources */,
				3F99AA591DD2B2FE006BAC52 /* Assets.xcassets in Resources */,
				3F99AA8E1DD2B7C0006BAC52 /* DiceListTableViewCell.xib in Resources */,
				3F99AA571DD2B2FE006BAC52 /* Main.storyboard in Resources */,
				3F99AA801DD2B614006BAC52 /* UserData.storyboard in Resources */,
			);
			runOnlyForDeploymentPostprocessing = 0;
		};
		3F99AA601DD2B2FE006BAC52 /* Resources */ = {
			isa = PBXResourcesBuildPhase;
			buildActionMask = 2147483647;
			files = (
			);
			runOnlyForDeploymentPostprocessing = 0;
		};
		3F99AA6B1DD2B2FE006BAC52 /* Resources */ = {
			isa = PBXResourcesBuildPhase;
			buildActionMask = 2147483647;
			files = (
			);
			runOnlyForDeploymentPostprocessing = 0;
		};
/* End PBXResourcesBuildPhase section */

/* Begin PBXSourcesBuildPhase section */
		3F99AA4A1DD2B2FE006BAC52 /* Sources */ = {
			isa = PBXSourcesBuildPhase;
			buildActionMask = 2147483647;
			files = (
				3F99AA901DD2B7E8006BAC52 /* DiceAddViewController.swift in Sources */,
				3F99AA541DD2B2FE006BAC52 /* ViewController.swift in Sources */,
				3F99AA521DD2B2FE006BAC52 /* AppDelegate.swift in Sources */,
				3F99AA8D1DD2B7C0006BAC52 /* DiceListTableViewCell.swift in Sources */,
				3F99AA881DD2B78F006BAC52 /* DiceListTableViewController.swift in Sources */,
			);
			runOnlyForDeploymentPostprocessing = 0;
		};
		3F99AA5E1DD2B2FE006BAC52 /* Sources */ = {
			isa = PBXSourcesBuildPhase;
			buildActionMask = 2147483647;
			files = (
				3F99AA671DD2B2FE006BAC52 /* CoCDiceTests.swift in Sources */,
			);
			runOnlyForDeploymentPostprocessing = 0;
		};
		3F99AA691DD2B2FE006BAC52 /* Sources */ = {
			isa = PBXSourcesBuildPhase;
			buildActionMask = 2147483647;
			files = (
				3F99AA721DD2B2FE006BAC52 /* CoCDiceUITests.swift in Sources */,
			);
			runOnlyForDeploymentPostprocessing = 0;
		};
/* End PBXSourcesBuildPhase section */

/* Begin PBXTargetDependency section */
		3F99AA641DD2B2FE006BAC52 /* PBXTargetDependency */ = {
			isa = PBXTargetDependency;
			target = 3F99AA4D1DD2B2FE006BAC52 /* CoCDice */;
			targetProxy = 3F99AA631DD2B2FE006BAC52 /* PBXContainerItemProxy */;
		};
		3F99AA6F1DD2B2FE006BAC52 /* PBXTargetDependency */ = {
			isa = PBXTargetDependency;
			target = 3F99AA4D1DD2B2FE006BAC52 /* CoCDice */;
			targetProxy = 3F99AA6E1DD2B2FE006BAC52 /* PBXContainerItemProxy */;
		};
/* End PBXTargetDependency section */

/* Begin PBXVariantGroup section */
		3F99AA551DD2B2FE006BAC52 /* Main.storyboard */ = {
			isa = PBXVariantGroup;
			children = (
				3F99AA561DD2B2FE006BAC52 /* Base */,
			);
			name = Main.storyboard;
			sourceTree = "<group>";
		};
		3F99AA5A1DD2B2FE006BAC52 /* LaunchScreen.storyboard */ = {
			isa = PBXVariantGroup;
			children = (
				3F99AA5B1DD2B2FE006BAC52 /* Base */,
			);
			name = LaunchScreen.storyboard;
			sourceTree = "<group>";
		};
/* End PBXVariantGroup section */

/* Begin XCBuildConfiguration section */
		3F99AA741DD2B2FE006BAC52 /* Debug */ = {
			isa = XCBuildConfiguration;
			buildSettings = {
				ALWAYS_SEARCH_USER_PATHS = NO;
				CLANG_ANALYZER_NONNULL = YES;
				CLANG_CXX_LANGUAGE_STANDARD = "gnu++0x";
				CLANG_CXX_LIBRARY = "libc++";
				CLANG_ENABLE_MODULES = YES;
				CLANG_ENABLE_OBJC_ARC = YES;
				CLANG_WARN_BOOL_CONVERSION = YES;
				CLANG_WARN_CONSTANT_CONVERSION = YES;
				CLANG_WARN_DIRECT_OBJC_ISA_USAGE = YES_ERROR;
				CLANG_WARN_DOCUMENTATION_COMMENTS = YES;
				CLANG_WARN_EMPTY_BODY = YES;
				CLANG_WARN_ENUM_CONVERSION = YES;
				CLANG_WARN_INFINITE_RECURSION = YES;
				CLANG_WARN_INT_CONVERSION = YES;
				CLANG_WARN_OBJC_ROOT_CLASS = YES_ERROR;
				CLANG_WARN_SUSPICIOUS_MOVES = YES;
				CLANG_WARN_UNREACHABLE_CODE = YES;
				CLANG_WARN__DUPLICATE_METHOD_MATCH = YES;
				"CODE_SIGN_IDENTITY[sdk=iphoneos*]" = "iPhone Developer";
				COPY_PHASE_STRIP = NO;
				DEBUG_INFORMATION_FORMAT = dwarf;
				ENABLE_STRICT_OBJC_MSGSEND = YES;
				ENABLE_TESTABILITY = YES;
				GCC_C_LANGUAGE_STANDARD = gnu99;
				GCC_DYNAMIC_NO_PIC = NO;
				GCC_NO_COMMON_BLOCKS = YES;
				GCC_OPTIMIZATION_LEVEL = 0;
				GCC_PREPROCESSOR_DEFINITIONS = (
					"DEBUG=1",
					"$(inherited)",
				);
				GCC_WARN_64_TO_32_BIT_CONVERSION = YES;
				GCC_WARN_ABOUT_RETURN_TYPE = YES_ERROR;
				GCC_WARN_UNDECLARED_SELECTOR = YES;
				GCC_WARN_UNINITIALIZED_AUTOS = YES_AGGRESSIVE;
				GCC_WARN_UNUSED_FUNCTION = YES;
				GCC_WARN_UNUSED_VARIABLE = YES;
				IPHONEOS_DEPLOYMENT_TARGET = 10.0;
				MTL_ENABLE_DEBUG_INFO = YES;
				ONLY_ACTIVE_ARCH = YES;
				SDKROOT = iphoneos;
				SWIFT_ACTIVE_COMPILATION_CONDITIONS = DEBUG;
				SWIFT_OPTIMIZATION_LEVEL = "-Onone";
				TARGETED_DEVICE_FAMILY = 2;
			};
			name = Debug;
		};
		3F99AA751DD2B2FE006BAC52 /* Release */ = {
			isa = XCBuildConfiguration;
			buildSettings = {
				ALWAYS_SEARCH_USER_PATHS = NO;
				CLANG_ANALYZER_NONNULL = YES;
				CLANG_CXX_LANGUAGE_STANDARD = "gnu++0x";
				CLANG_CXX_LIBRARY = "libc++";
				CLANG_ENABLE_MODULES = YES;
				CLANG_ENABLE_OBJC_ARC = YES;
				CLANG_WARN_BOOL_CONVERSION = YES;
				CLANG_WARN_CONSTANT_CONVERSION = YES;
				CLANG_WARN_DIRECT_OBJC_ISA_USAGE = YES_ERROR;
				CLANG_WARN_DOCUMENTATION_COMMENTS = YES;
				CLANG_WARN_EMPTY_BODY = YES;
				CLANG_WARN_ENUM_CONVERSION = YES;
				CLANG_WARN_INFINITE_RECURSION = YES;
				CLANG_WARN_INT_CONVERSION = YES;
				CLANG_WARN_OBJC_ROOT_CLASS = YES_ERROR;
				CLANG_WARN_SUSPICIOUS_MOVES = YES;
				CLANG_WARN_UNREACHABLE_CODE = YES;
				CLANG_WARN__DUPLICATE_METHOD_MATCH = YES;
				"CODE_SIGN_IDENTITY[sdk=iphoneos*]" = "iPhone Developer";
				COPY_PHASE_STRIP = NO;
				DEBUG_INFORMATION_FORMAT = "dwarf-with-dsym";
				ENABLE_NS_ASSERTIONS = NO;
				ENABLE_STRICT_OBJC_MSGSEND = YES;
				GCC_C_LANGUAGE_STANDARD = gnu99;
				GCC_NO_COMMON_BLOCKS = YES;
				GCC_WARN_64_TO_32_BIT_CONVERSION = YES;
				GCC_WARN_ABOUT_RETURN_TYPE = YES_ERROR;
				GCC_WARN_UNDECLARED_SELECTOR = YES;
				GCC_WARN_UNINITIALIZED_AUTOS = YES_AGGRESSIVE;
				GCC_WARN_UNUSED_FUNCTION = YES;
				GCC_WARN_UNUSED_VARIABLE = YES;
				IPHONEOS_DEPLOYMENT_TARGET = 10.0;
				MTL_ENABLE_DEBUG_INFO = NO;
				SDKROOT = iphoneos;
				SWIFT_OPTIMIZATION_LEVEL = "-Owholemodule";
				TARGETED_DEVICE_FAMILY = 2;
				VALIDATE_PRODUCT = YES;
			};
			name = Release;
		};
		3F99AA771DD2B2FE006BAC52 /* Debug */ = {
			isa = XCBuildConfiguration;
			buildSettings = {
				ASSETCATALOG_COMPILER_APPICON_NAME = AppIcon;
				DEVELOPMENT_TEAM = TZP7P62TJC;
				INFOPLIST_FILE = CoCDice/Info.plist;
				LD_RUNPATH_SEARCH_PATHS = "$(inherited) @executable_path/Frameworks";
				PRODUCT_BUNDLE_IDENTIFIER = jp.ac.denpa.taiken.CoCDice;
				PRODUCT_NAME = "$(TARGET_NAME)";
				SWIFT_VERSION = 3.0;
			};
			name = Debug;
		};
		3F99AA781DD2B2FE006BAC52 /* Release */ = {
			isa = XCBuildConfiguration;
			buildSettings = {
				ASSETCATALOG_COMPILER_APPICON_NAME = AppIcon;
				DEVELOPMENT_TEAM = TZP7P62TJC;
				INFOPLIST_FILE = CoCDice/Info.plist;
				LD_RUNPATH_SEARCH_PATHS = "$(inherited) @executable_path/Frameworks";
				PRODUCT_BUNDLE_IDENTIFIER = jp.ac.denpa.taiken.CoCDice;
				PRODUCT_NAME = "$(TARGET_NAME)";
				SWIFT_VERSION = 3.0;
			};
			name = Release;
		};
		3F99AA7A1DD2B2FE006BAC52 /* Debug */ = {
			isa = XCBuildConfiguration;
			buildSettings = {
				ALWAYS_EMBED_SWIFT_STANDARD_LIBRARIES = YES;
				BUNDLE_LOADER = "$(TEST_HOST)";
				DEVELOPMENT_TEAM = TZP7P62TJC;
				INFOPLIST_FILE = CoCDiceTests/Info.plist;
				LD_RUNPATH_SEARCH_PATHS = "$(inherited) @executable_path/Frameworks @loader_path/Frameworks";
				PRODUCT_BUNDLE_IDENTIFIER = jp.ac.denpa.taiken.CoCDiceTests;
				PRODUCT_NAME = "$(TARGET_NAME)";
				SWIFT_VERSION = 3.0;
				TEST_HOST = "$(BUILT_PRODUCTS_DIR)/CoCDice.app/CoCDice";
			};
			name = Debug;
		};
		3F99AA7B1DD2B2FE006BAC52 /* Release */ = {
			isa = XCBuildConfiguration;
			buildSettings = {
				ALWAYS_EMBED_SWIFT_STANDARD_LIBRARIES = YES;
				BUNDLE_LOADER = "$(TEST_HOST)";
				DEVELOPMENT_TEAM = TZP7P62TJC;
				INFOPLIST_FILE = CoCDiceTests/Info.plist;
				LD_RUNPATH_SEARCH_PATHS = "$(inherited) @executable_path/Frameworks @loader_path/Frameworks";
				PRODUCT_BUNDLE_IDENTIFIER = jp.ac.denpa.taiken.CoCDiceTests;
				PRODUCT_NAME = "$(TARGET_NAME)";
				SWIFT_VERSION = 3.0;
				TEST_HOST = "$(BUILT_PRODUCTS_DIR)/CoCDice.app/CoCDice";
			};
			name = Release;
		};
		3F99AA7D1DD2B2FE006BAC52 /* Debug */ = {
			isa = XCBuildConfiguration;
			buildSettings = {
				ALWAYS_EMBED_SWIFT_STANDARD_LIBRARIES = YES;
				DEVELOPMENT_TEAM = TZP7P62TJC;
				INFOPLIST_FILE = CoCDiceUITests/Info.plist;
				LD_RUNPATH_SEARCH_PATHS = "$(inherited) @executable_path/Frameworks @loader_path/Frameworks";
				PRODUCT_BUNDLE_IDENTIFIER = jp.ac.denpa.taiken.CoCDiceUITests;
				PRODUCT_NAME = "$(TARGET_NAME)";
				SWIFT_VERSION = 3.0;
				TEST_TARGET_NAME = CoCDice;
			};
			name = Debug;
		};
		3F99AA7E1DD2B2FE006BAC52 /* Release */ = {
			isa = XCBuildConfiguration;
			buildSettings = {
				ALWAYS_EMBED_SWIFT_STANDARD_LIBRARIES = YES;
				DEVELOPMENT_TEAM = TZP7P62TJC;
				INFOPLIST_FILE = CoCDiceUITests/Info.plist;
				LD_RUNPATH_SEARCH_PATHS = "$(inherited) @executable_path/Frameworks @loader_path/Frameworks";
				PRODUCT_BUNDLE_IDENTIFIER = jp.ac.denpa.taiken.CoCDiceUITests;
				PRODUCT_NAME = "$(TARGET_NAME)";
				SWIFT_VERSION = 3.0;
				TEST_TARGET_NAME = CoCDice;
			};
			name = Release;
		};
/* End XCBuildConfiguration section */

/* Begin XCConfigurationList section */
		3F99AA491DD2B2FE006BAC52 /* Build configuration list for PBXProject "CoCDice" */ = {
			isa = XCConfigurationList;
			buildConfigurations = (
				3F99AA741DD2B2FE006BAC52 /* Debug */,
				3F99AA751DD2B2FE006BAC52 /* Release */,
			);
			defaultConfigurationIsVisible = 0;
			defaultConfigurationName = Release;
		};
		3F99AA761DD2B2FE006BAC52 /* Build configuration list for PBXNativeTarget "CoCDice" */ = {
			isa = XCConfigurationList;
			buildConfigurations = (
				3F99AA771DD2B2FE006BAC52 /* Debug */,
				3F99AA781DD2B2FE006BAC52 /* Release */,
			);
			defaultConfigurationIsVisible = 0;
			defaultConfigurationName = Release;
		};
		3F99AA791DD2B2FE006BAC52 /* Build configuration list for PBXNativeTarget "CoCDiceTests" */ = {
			isa = XCConfigurationList;
			buildConfigurations = (
				3F99AA7A1DD2B2FE006BAC52 /* Debug */,
				3F99AA7B1DD2B2FE006BAC52 /* Release */,
			);
			defaultConfigurationIsVisible = 0;
			defaultConfigurationName = Release;
		};
		3F99AA7C1DD2B2FE006BAC52 /* Build configuration list for PBXNativeTarget "CoCDiceUITests" */ = {
			isa = XCConfigurationList;
			buildConfigurations = (
				3F99AA7D1DD2B2FE006BAC52 /* Debug */,
				3F99AA7E1DD2B2FE006BAC52 /* Release */,
			);
			defaultConfigurationIsVisible = 0;
			defaultConfigurationName = Release;
		};
/* End XCConfigurationList section */
	};
	rootObject = 3F99AA461DD2B2FE006BAC52 /* Project object */;
}
